
Microsoft Visual Studio Solution File, Format Version 12.00
# Visual Studio Version 17
VisualStudioVersion = 17.0.31903.59
MinimumVisualStudioVersion = 10.0.40219.1
Project("{2150E333-8FDC-42A3-9474-1A3956D46DE8}") = "src", "src", "{A1B2C3D4-E5F6-7890-ABCD-EF1234567890}"
EndProject
Project("{2150E333-8FDC-42A3-9474-1A3956D46DE8}") = "tests", "tests", "{B1C2D3E4-F5A6-7890-BCDE-FA1234567890}"
EndProject
Project("{FAE04EC0-301F-11D3-BF4B-00C04F79EFBC}") = "AdminServices.Domain", "src\AdminServices.Domain\AdminServices.Domain.csproj", "{10000000-0000-0000-0000-000000000001}"
EndProject
Project("{FAE04EC0-301F-11D3-BF4B-00C04F79EFBC}") = "AdminServices.Application", "src\AdminServices.Application\AdminServices.Application.csproj", "{10000000-0000-0000-0000-000000000002}"
EndProject
Project("{FAE04EC0-301F-11D3-BF4B-00C04F79EFBC}") = "AdminServices.Infrastructure", "src\AdminServices.Infrastructure\AdminServices.Infrastructure.csproj", "{10000000-0000-0000-0000-000000000003}"
EndProject
Project("{FAE04EC0-301F-11D3-BF4B-00C04F79EFBC}") = "AdminServices.Presentation", "src\AdminServices.Presentation\AdminServices.Presentation.csproj", "{10000000-0000-0000-0000-000000000004}"
EndProject
Project("{FAE04EC0-301F-11D3-BF4B-00C04F79EFBC}") = "AdminServices.WebApi", "src\AdminServices.WebApi\AdminServices.WebApi.csproj", "{10000000-0000-0000-0000-000000000005}"
EndProject
Project("{FAE04EC0-301F-11D3-BF4B-00C04F79EFBC}") = "AdminServices.UnitTests", "tests\AdminServices.UnitTests\AdminServices.UnitTests.csproj", "{20000000-0000-0000-0000-000000000001}"
EndProject
Project("{FAE04EC0-301F-11D3-BF4B-00C04F79EFBC}") = "AdminServices.IntegrationTests", "tests\AdminServices.IntegrationTests\AdminServices.IntegrationTests.csproj", "{20000000-0000-0000-0000-000000000002}"
EndProject
Project("{FAE04EC0-301F-11D3-BF4B-00C04F79EFBC}") = "AdminServices.FunctionalTests", "tests\AdminServices.FunctionalTests\AdminServices.FunctionalTests.csproj", "{20000000-0000-0000-0000-000000000003}"
EndProject
Global
	GlobalSection(SolutionConfigurationPlatforms) = preSolution
		Debug|Any CPU = Debug|Any CPU
		Release|Any CPU = Release|Any CPU
	EndGlobalSection
	GlobalSection(ProjectConfigurationPlatforms) = postSolution
		{10000000-0000-0000-0000-000000000001}.Debug|Any CPU.ActiveCfg = Debug|Any CPU
		{10000000-0000-0000-0000-000000000001}.Debug|Any CPU.Build.0 = Debug|Any CPU
		{10000000-0000-0000-0000-000000000001}.Release|Any CPU.ActiveCfg = Release|Any CPU
		{10000000-0000-0000-0000-000000000001}.Release|Any CPU.Build.0 = Release|Any CPU
		{10000000-0000-0000-0000-000000000002}.Debug|Any CPU.ActiveCfg = Debug|Any CPU
		{10000000-0000-0000-0000-000000000002}.Debug|Any CPU.Build.0 = Debug|Any CPU
		{10000000-0000-0000-0000-000000000002}.Release|Any CPU.ActiveCfg = Release|Any CPU
		{10000000-0000-0000-0000-000000000002}.Release|Any CPU.Build.0 = Release|Any CPU
		{10000000-0000-0000-0000-000000000003}.Debug|Any CPU.ActiveCfg = Debug|Any CPU
		{10000000-0000-0000-0000-000000000003}.Debug|Any CPU.Build.0 = Debug|Any CPU
		{10000000-0000-0000-0000-000000000003}.Release|Any CPU.ActiveCfg = Release|Any CPU
		{10000000-0000-0000-0000-000000000003}.Release|Any CPU.Build.0 = Release|Any CPU
		{10000000-0000-0000-0000-000000000004}.Debug|Any CPU.ActiveCfg = Debug|Any CPU
		{10000000-0000-0000-0000-000000000004}.Debug|Any CPU.Build.0 = Debug|Any CPU
		{10000000-0000-0000-0000-000000000004}.Release|Any CPU.ActiveCfg = Release|Any CPU
		{10000000-0000-0000-0000-000000000004}.Release|Any CPU.Build.0 = Release|Any CPU
		{10000000-0000-0000-0000-000000000005}.Debug|Any CPU.ActiveCfg = Debug|Any CPU
		{10000000-0000-0000-0000-000000000005}.Debug|Any CPU.Build.0 = Debug|Any CPU
		{10000000-0000-0000-0000-000000000005}.Release|Any CPU.ActiveCfg = Release|Any CPU
		{10000000-0000-0000-0000-000000000005}.Release|Any CPU.Build.0 = Release|Any CPU
		{20000000-0000-0000-0000-000000000001}.Debug|Any CPU.ActiveCfg = Debug|Any CPU
		{20000000-0000-0000-0000-000000000001}.Debug|Any CPU.Build.0 = Debug|Any CPU
		{20000000-0000-0000-0000-000000000001}.Release|Any CPU.ActiveCfg = Release|Any CPU
		{20000000-0000-0000-0000-0000000000001}.Release|Any CPU.Build.0 = Release|Any CPU
		{20000000-0000-0000-0000-000000000002}.Debug|Any CPU.ActiveCfg = Debug|Any CPU
		{20000000-0000-0000-0000-000000000002}.Debug|Any CPU.Build.0 = Debug|Any CPU
		{20000000-0000-0000-0000-000000000002}.Release|Any CPU.ActiveCfg = Release|Any CPU
		{20000000-0000-0000-0000-000000000002}.Release|Any CPU.Build.0 = Release|Any CPU
		{20000000-0000-0000-0000-000000000003}.Debug|Any CPU.ActiveCfg = Debug|Any CPU
		{20000000-0000-0000-0000-000000000003}.Debug|Any CPU.Build.0 = Debug|Any CPU
		{20000000-0000-0000-0000-000000000003}.Release|Any CPU.ActiveCfg = Release|Any CPU
		{20000000-0000-0000-0000-000000000003}.Release|Any CPU.Build.0 = Release|Any CPU
	EndGlobalSection
	GlobalSection(NestedProjects) = preSolution
		{10000000-0000-0000-0000-000000000001} = {A1B2C3D4-E5F6-7890-ABCD-EF1234567890}
		{10000000-0000-0000-0000-000000000002} = {A1B2C3D4-E5F6-7890-ABCD-EF1234567890}
		{10000000-0000-0000-0000-000000000003} = {A1B2C3D4-E5F6-7890-ABCD-EF1234567890}
		{10000000-0000-0000-0000-000000000004} = {A1B2C3D4-E5F6-7890-ABCD-EF1234567890}
		{10000000-0000-0000-0000-000000000005} = {A1B2C3D4-E5F6-7890-ABCD-EF1234567890}
		{20000000-0000-0000-0000-000000000001} = {B1C2D3E4-F5A6-7890-BCDE-FA1234567890}
		{20000000-0000-0000-0000-000000000002} = {B1C2D3E4-F5A6-7890-BCDE-FA1234567890}
		{20000000-0000-0000-0000-000000000003} = {B1C2D3E4-F5A6-7890-BCDE-FA1234567890}
	EndGlobalSection
EndGlobal
